
Microsoft Visual Studio Solution File, Format Version 11.00
# Visual Studio 2010
Project("{FAE04EC0-301F-11D3-BF4B-00C04F79EFBC}") = "NewJson", "NewJson\NewJson.csproj", "{18F8F767-4B76-458B-AA9A-627583AB89B9}"
EndProject
Project("{FAE04EC0-301F-11D3-BF4B-00C04F79EFBC}") = "URLRewriter", "URLRewriter\URLRewriter.csproj", "{93BC01A3-A42C-44D9-83CB-6A249A284A96}"
EndProject
Project("{FAE04EC0-301F-11D3-BF4B-00C04F79EFBC}") = "CommonTool", "CommonTool\CommonTool.csproj", "{882618C5-C2F1-4BEE-9EB3-A04B2A8D434D}"
EndProject
Global
	GlobalSection(SolutionConfigurationPlatforms) = preSolution
		Debug|Any CPU = Debug|Any CPU
		Release|Any CPU = Release|Any CPU
	EndGlobalSection
	GlobalSection(ProjectConfigurationPlatforms) = postSolution
		{18F8F767-4B76-458B-AA9A-627583AB89B9}.Debug|Any CPU.ActiveCfg = Debug|Any CPU
		{18F8F767-4B76-458B-AA9A-627583AB89B9}.Debug|Any CPU.Build.0 = Debug|Any CPU
		{18F8F767-4B76-458B-AA9A-627583AB89B9}.Release|Any CPU.ActiveCfg = Release|Any CPU
		{18F8F767-4B76-458B-AA9A-627583AB89B9}.Release|Any CPU.Build.0 = Release|Any CPU
		{93BC01A3-A42C-44D9-83CB-6A249A284A96}.Debug|Any CPU.ActiveCfg = Debug|Any CPU
		{93BC01A3-A42C-44D9-83CB-6A249A284A96}.Debug|Any CPU.Build.0 = Debug|Any CPU
		{93BC01A3-A42C-44D9-83CB-6A249A284A96}.Release|Any CPU.ActiveCfg = Release|Any CPU
		{93BC01A3-A42C-44D9-83CB-6A249A284A96}.Release|Any CPU.Build.0 = Release|Any CPU
		{882618C5-C2F1-4BEE-9EB3-A04B2A8D434D}.Debug|Any CPU.ActiveCfg = Debug|Any CPU
		{882618C5-C2F1-4BEE-9EB3-A04B2A8D434D}.Debug|Any CPU.Build.0 = Debug|Any CPU
		{882618C5-C2F1-4BEE-9EB3-A04B2A8D434D}.Release|Any CPU.ActiveCfg = Release|Any CPU
		{882618C5-C2F1-4BEE-9EB3-A04B2A8D434D}.Release|Any CPU.Build.0 = Release|Any CPU
	EndGlobalSection
	GlobalSection(SolutionProperties) = preSolution
		HideSolutionNode = FALSE
	EndGlobalSection
EndGlobal
